
Microsoft Visual Studio Solution File, Format Version 12.00
# Visual Studio Version 16
VisualStudioVersion = 16.0.31005.135
MinimumVisualStudioVersion = 10.0.40219.1
Project("{8BC9CEB8-8B4A-11D0-8D11-00A0C91BC942}") = "week2", "week2.vcxproj", "{AA343A6C-927D-410C-96E3-A9DAA6853BAE}"
EndProject
Global
	GlobalSection(SolutionConfigurationPlatforms) = preSolution
		Debug|x64 = Debug|x64
		Debug|x86 = Debug|x86
		Release|x64 = Release|x64
		Release|x86 = Release|x86
	EndGlobalSection
	GlobalSection(ProjectConfigurationPlatforms) = postSolution
		{AA343A6C-927D-410C-96E3-A9DAA6853BAE}.Debug|x64.ActiveCfg = Debug|x64
		{AA343A6C-927D-410C-96E3-A9DAA6853BAE}.Debug|x64.Build.0 = Debug|x64
		{AA343A6C-927D-410C-96E3-A9DAA6853BAE}.Debug|x86.ActiveCfg = Debug|Win32
		{AA343A6C-927D-410C-96E3-A9DAA6853BAE}.Debug|x86.Build.0 = Debug|Win32
		{AA343A6C-927D-410C-96E3-A9DAA6853BAE}.Release|x64.ActiveCfg = Release|x64
		{AA343A6C-927D-410C-96E3-A9DAA6853BAE}.Release|x64.Build.0 = Release|x64
		{AA343A6C-927D-410C-96E3-A9DAA6853BAE}.Release|x86.ActiveCfg = Release|Win32
		{AA343A6C-927D-410C-96E3-A9DAA6853BAE}.Release|x86.Build.0 = Release|Win32
	EndGlobalSection
	GlobalSection(SolutionProperties) = preSolution
		HideSolutionNode = FALSE
	EndGlobalSection
	GlobalSection(ExtensibilityGlobals) = postSolution
		SolutionGuid = {D02158F3-F330-4415-B8C4-12EEBD12407C}
	EndGlobalSection
EndGlobal
